
Microsoft Visual Studio Solution File, Format Version 12.00
# Visual Studio Version 16
VisualStudioVersion = 16.0.30907.101
MinimumVisualStudioVersion = 10.0.40219.1
Project("{9A19103F-16F7-4668-BE54-9A1E7A4F7556}") = "DeloitteTODO", "DeloitteTODO\DeloitteTODO.csproj", "{894BF1DD-BE2C-4AC6-83D0-3A3C50733017}"
EndProject
Project("{9A19103F-16F7-4668-BE54-9A1E7A4F7556}") = "DeloitteTODO.Infrastructure", "DeloitteTODO.Infrastructure\DeloitteTODO.Infrastructure.csproj", "{74442EA1-59BE-4CCF-947A-C44774FDB944}"
EndProject
Project("{9A19103F-16F7-4668-BE54-9A1E7A4F7556}") = "DeloitteTODO.Domain", "DeloitteTODO.Domain\DeloitteTODO.Domain.csproj", "{13AB218C-7049-4DE0-B56C-643B6ED7E18B}"
EndProject
Project("{9A19103F-16F7-4668-BE54-9A1E7A4F7556}") = "DeloitteTODO.UnitTest", "DeloitteTODO.UnitTest\DeloitteTODO.UnitTest.csproj", "{6E021B92-13EE-4EC3-9E82-CF083466203D}"
EndProject
Global
	GlobalSection(SolutionConfigurationPlatforms) = preSolution
		Debug|Any CPU = Debug|Any CPU
		Release|Any CPU = Release|Any CPU
	EndGlobalSection
	GlobalSection(ProjectConfigurationPlatforms) = postSolution
		{894BF1DD-BE2C-4AC6-83D0-3A3C50733017}.Debug|Any CPU.ActiveCfg = Debug|Any CPU
		{894BF1DD-BE2C-4AC6-83D0-3A3C50733017}.Debug|Any CPU.Build.0 = Debug|Any CPU
		{894BF1DD-BE2C-4AC6-83D0-3A3C50733017}.Release|Any CPU.ActiveCfg = Release|Any CPU
		{894BF1DD-BE2C-4AC6-83D0-3A3C50733017}.Release|Any CPU.Build.0 = Release|Any CPU
		{74442EA1-59BE-4CCF-947A-C44774FDB944}.Debug|Any CPU.ActiveCfg = Debug|Any CPU
		{74442EA1-59BE-4CCF-947A-C44774FDB944}.Debug|Any CPU.Build.0 = Debug|Any CPU
		{74442EA1-59BE-4CCF-947A-C44774FDB944}.Release|Any CPU.ActiveCfg = Release|Any CPU
		{74442EA1-59BE-4CCF-947A-C44774FDB944}.Release|Any CPU.Build.0 = Release|Any CPU
		{13AB218C-7049-4DE0-B56C-643B6ED7E18B}.Debug|Any CPU.ActiveCfg = Debug|Any CPU
		{13AB218C-7049-4DE0-B56C-643B6ED7E18B}.Debug|Any CPU.Build.0 = Debug|Any CPU
		{13AB218C-7049-4DE0-B56C-643B6ED7E18B}.Release|Any CPU.ActiveCfg = Release|Any CPU
		{13AB218C-7049-4DE0-B56C-643B6ED7E18B}.Release|Any CPU.Build.0 = Release|Any CPU
		{6E021B92-13EE-4EC3-9E82-CF083466203D}.Debug|Any CPU.ActiveCfg = Debug|Any CPU
		{6E021B92-13EE-4EC3-9E82-CF083466203D}.Debug|Any CPU.Build.0 = Debug|Any CPU
		{6E021B92-13EE-4EC3-9E82-CF083466203D}.Release|Any CPU.ActiveCfg = Release|Any CPU
		{6E021B92-13EE-4EC3-9E82-CF083466203D}.Release|Any CPU.Build.0 = Release|Any CPU
	EndGlobalSection
	GlobalSection(SolutionProperties) = preSolution
		HideSolutionNode = FALSE
	EndGlobalSection
	GlobalSection(ExtensibilityGlobals) = postSolution
		SolutionGuid = {C597E4C4-B453-4AAE-9CA5-FDEF21DD5381}
	EndGlobalSection
EndGlobal
